
Microsoft Visual Studio Solution File, Format Version 10.00
# Visual Studio 2008
Project("{8BC9CEB8-8B4A-11D0-8D11-00A0C91BC942}") = "DirtboxKernel", "DirtboxKernel.vcproj", "{9D0020AC-A7DF-455B-9190-44E356E2911C}"
EndProject
Global
	GlobalSection(SolutionConfigurationPlatforms) = preSolution
		Debug|Win32 = Debug|Win32
		Release|Win32 = Release|Win32
	EndGlobalSection
	GlobalSection(ProjectConfigurationPlatforms) = postSolution
		{9D0020AC-A7DF-455B-9190-44E356E2911C}.Debug|Win32.ActiveCfg = Debug|Win32
		{9D0020AC-A7DF-455B-9190-44E356E2911C}.Debug|Win32.Build.0 = Debug|Win32
		{9D0020AC-A7DF-455B-9190-44E356E2911C}.Release|Win32.ActiveCfg = Release|Win32
		{9D0020AC-A7DF-455B-9190-44E356E2911C}.Release|Win32.Build.0 = Release|Win32
	EndGlobalSection
	GlobalSection(SolutionProperties) = preSolution
		HideSolutionNode = FALSE
	EndGlobalSection
EndGlobal
